{
  "name": "reangular-framework",
  "version": "0.0.1",
  "lockfileVersion": 3,
  "requires": true,
  "packages": {
    "": {
      "name": "reangular-framework",
      "version": "0.0.1",
      "workspaces": [
        "packages/*"
      ],
      "devDependencies": {
        "typescript": "^5.8.3"
      }
    },
    "node_modules/@reangular/analytics": {
      "resolved": "packages/analytics",
      "link": true
    },
    "node_modules/@reangular/back": {
      "resolved": "packages/back",
      "link": true
    },
    "node_modules/@reangular/cli": {
      "resolved": "packages/cli",
      "link": true
    },
    "node_modules/@reangular/front": {
      "resolved": "packages/front",
      "link": true
    },
    "node_modules/@reangular/nocode": {
      "resolved": "packages/nocode",
      "link": true
    },
    "node_modules/@reangular/shared": {
      "resolved": "packages/shared",
      "link": true
    },
    "node_modules/@types/node": {
      "version": "22.15.17",
      "resolved": "https://registry.npmjs.org/@types/node/-/node-22.15.17.tgz",
      "integrity": "sha512-wIX2aSZL5FE+MR0JlvF87BNVrtFWf6AE6rxSE9X7OwnVvoyCQjpzSRJ+M87se/4QCkCiebQAqrJ0y6fwIyi7nw==",
      "dev": true,
      "license": "MIT",
      "dependencies": {
        "undici-types": "~6.21.0"
      }
    },
    "node_modules/commander": {
      "version": "13.1.0",
      "resolved": "https://registry.npmjs.org/commander/-/commander-13.1.0.tgz",
      "integrity": "sha512-/rFeCpNJQbhSZjGVwO9RFV3xPqbnERS8MmIQzCtD/zl6gpJuV/bMLuN92oG3F7d8oDEHHRrujSXNUr8fpjntKw==",
      "license": "MIT",
      "engines": {
        "node": ">=18"
      }
    },
    "node_modules/typescript": {
      "version": "5.8.3",
      "resolved": "https://registry.npmjs.org/typescript/-/typescript-5.8.3.tgz",
      "integrity": "sha512-p1diW6TqL9L07nNxvRMM7hMMw4c5XOo/1ibL4aAIGmSAt9slTE1Xgw5KWuof2uTOvCg9BY7ZRi+GaF+7sfgPeQ==",
      "dev": true,
      "license": "Apache-2.0",
      "bin": {
        "tsc": "bin/tsc",
        "tsserver": "bin/tsserver"
      },
      "engines": {
        "node": ">=14.17"
      }
    },
    "node_modules/undici-types": {
      "version": "6.21.0",
      "resolved": "https://registry.npmjs.org/undici-types/-/undici-types-6.21.0.tgz",
      "integrity": "sha512-iwDZqg0QAGrg9Rav5H4n0M64c3mkR59cJ6wQp+7C4nI0gsmExaedaYLNO44eT4AtBBwjbTiGPMlt2Md0T9H9JQ==",
      "dev": true,
      "license": "MIT"
    },
    "packages/analytics": {
      "name": "@reangular/analytics",
      "version": "0.0.1"
    },
    "packages/back": {
      "name": "@reangular/back",
      "version": "0.0.1"
    },
    "packages/cli": {
      "name": "@reangular/cli",
      "version": "0.0.1",
      "dependencies": {
        "commander": "^13.1.0"
      },
      "bin": {
        "reangular": "index.ts"
      },
      "devDependencies": {
        "@types/node": "^22.15.17"
      }
    },
    "packages/front": {
      "name": "@reangular/front",
      "version": "0.0.1"
    },
    "packages/nocode": {
      "name": "@reangular/nocode",
      "version": "0.0.1"
    },
    "packages/shared": {
      "name": "@reangular/shared",
      "version": "0.0.1"
    }
  }
}
